{
  "name": "lopo-lib",
  "version": "1.0.0",
  "lockfileVersion": 2,
  "requires": true,
  "packages": {
    "": {
      "version": "1.0.0",
      "license": "MIT",
      "dependencies": {
        "uuid": "^8.3.2"
      },
      "devDependencies": {
        "@types/node": "^14.17.5"
      }
    },
    "node_modules/@types/node": {
      "version": "14.17.5",
      "resolved": "https://registry.npmjs.org/@types/node/-/node-14.17.5.tgz",
      "integrity": "sha512-bjqH2cX/O33jXT/UmReo2pM7DIJREPMnarixbQ57DOOzzFaI6D2+IcwaJQaJpv0M1E9TIhPCYVxrkcityLjlqA==",
      "dev": true
    },
    "node_modules/uuid": {
      "version": "8.3.2",
      "resolved": "https://registry.npmmirror.com/uuid/download/uuid-8.3.2.tgz",
      "integrity": "sha512-+NYs2QeMWy+GWFOEm9xnn6HCDp0l7QBD7ml8zLUmJ+93Q5NF0NocErnwkTkXVFNiX3/fpC6afS8Dhb/gz7R7eg==",
      "bin": {
        "uuid": "dist/bin/uuid"
      }
    }
  },
  "dependencies": {
    "@types/node": {
      "version": "14.17.5",
      "resolved": "https://registry.npmjs.org/@types/node/-/node-14.17.5.tgz",
      "integrity": "sha512-bjqH2cX/O33jXT/UmReo2pM7DIJREPMnarixbQ57DOOzzFaI6D2+IcwaJQaJpv0M1E9TIhPCYVxrkcityLjlqA==",
      "dev": true
    },
    "uuid": {
      "version": "8.3.2",
      "resolved": "https://registry.npmmirror.com/uuid/download/uuid-8.3.2.tgz",
      "integrity": "sha512-+NYs2QeMWy+GWFOEm9xnn6HCDp0l7QBD7ml8zLUmJ+93Q5NF0NocErnwkTkXVFNiX3/fpC6afS8Dhb/gz7R7eg=="
    }
  }
}
