# THIS IS AN AUTOGENERATED FILE. DO NOT EDIT THIS FILE DIRECTLY.
# yarn lockfile v1


"@types/node@^14.17.5":
  version "14.18.21"
  resolved "https://registry.yarnpkg.com/@types/node/-/node-14.18.21.tgz#0155ee46f6be28b2ff0342ca1a9b9fd4468bef41"
  integrity sha512-x5W9s+8P4XteaxT/jKF0PSb7XEvo5VmqEWgsMlyeY4ZlLK8I6aH6g5TPPyDlLAep+GYf4kefb7HFyc7PAO3m+Q==
